
Microsoft Visual Studio Solution File, Format Version 12.00
# Visual Studio Version 17
VisualStudioVersion = 17.1.32104.313
MinimumVisualStudioVersion = 10.0.40219.1
Project("{FAE04EC0-301F-11D3-BF4B-00C04F79EFBC}") = "SSExports", "SSExports\SSExports.csproj", "{386AC7EA-13B8-4A5C-9487-EB9176B2BD6C}"
EndProject
Global
	GlobalSection(SolutionConfigurationPlatforms) = preSolution
		Debug|Any CPU = Debug|Any CPU
		Release|Any CPU = Release|Any CPU
	EndGlobalSection
	GlobalSection(ProjectConfigurationPlatforms) = postSolution
		{386AC7EA-13B8-4A5C-9487-EB9176B2BD6C}.Debug|Any CPU.ActiveCfg = Debug|Any CPU
		{386AC7EA-13B8-4A5C-9487-EB9176B2BD6C}.Debug|Any CPU.Build.0 = Debug|Any CPU
		{386AC7EA-13B8-4A5C-9487-EB9176B2BD6C}.Release|Any CPU.ActiveCfg = Release|Any CPU
		{386AC7EA-13B8-4A5C-9487-EB9176B2BD6C}.Release|Any CPU.Build.0 = Release|Any CPU
	EndGlobalSection
	GlobalSection(SolutionProperties) = preSolution
		HideSolutionNode = FALSE
	EndGlobalSection
	GlobalSection(ExtensibilityGlobals) = postSolution
		SolutionGuid = {E5A94C03-F5CA-43B6-A9FC-3CA34E5481FE}
	EndGlobalSection
EndGlobal
